
Microsoft Visual Studio Solution File, Format Version 12.00
# Visual Studio Version 16
VisualStudioVersion = 16.0.30517.126
MinimumVisualStudioVersion = 10.0.40219.1
Project("{9A19103F-16F7-4668-BE54-9A1E7A4F7556}") = "peeeer7", "peeeer7\peeeer7.csproj", "{3C6FCDEF-813E-4873-81DD-92BB3FCB143E}"
EndProject
Project("{FAE04EC0-301F-11D3-BF4B-00C04F79EFBC}") = "MyLibrary", "MyLibrary\MyLibrary.csproj", "{F4EB85B0-9BF6-48AA-AB52-5D31340729BA}"
EndProject
Global
	GlobalSection(SolutionConfigurationPlatforms) = preSolution
		Debug|Any CPU = Debug|Any CPU
		Release|Any CPU = Release|Any CPU
	EndGlobalSection
	GlobalSection(ProjectConfigurationPlatforms) = postSolution
		{3C6FCDEF-813E-4873-81DD-92BB3FCB143E}.Debug|Any CPU.ActiveCfg = Debug|Any CPU
		{3C6FCDEF-813E-4873-81DD-92BB3FCB143E}.Debug|Any CPU.Build.0 = Debug|Any CPU
		{3C6FCDEF-813E-4873-81DD-92BB3FCB143E}.Release|Any CPU.ActiveCfg = Release|Any CPU
		{3C6FCDEF-813E-4873-81DD-92BB3FCB143E}.Release|Any CPU.Build.0 = Release|Any CPU
		{F4EB85B0-9BF6-48AA-AB52-5D31340729BA}.Debug|Any CPU.ActiveCfg = Debug|Any CPU
		{F4EB85B0-9BF6-48AA-AB52-5D31340729BA}.Debug|Any CPU.Build.0 = Debug|Any CPU
		{F4EB85B0-9BF6-48AA-AB52-5D31340729BA}.Release|Any CPU.ActiveCfg = Release|Any CPU
		{F4EB85B0-9BF6-48AA-AB52-5D31340729BA}.Release|Any CPU.Build.0 = Release|Any CPU
	EndGlobalSection
	GlobalSection(SolutionProperties) = preSolution
		HideSolutionNode = FALSE
	EndGlobalSection
	GlobalSection(ExtensibilityGlobals) = postSolution
		SolutionGuid = {A2AE894D-8DEF-4782-A8C7-C5C554513873}
	EndGlobalSection
EndGlobal
